
Microsoft Visual Studio Solution File, Format Version 12.00
# Visual Studio Version 16
VisualStudioVersion = 16.0.31911.196
MinimumVisualStudioVersion = 10.0.40219.1
Project("{9A19103F-16F7-4668-BE54-9A1E7A4F7556}") = "UdemyCSharp", "UdemyCSharp.csproj", "{540E1B93-5A19-4909-BEBB-43F54CD78016}"
EndProject
Project("{9A19103F-16F7-4668-BE54-9A1E7A4F7556}") = "Quiz", "..\Quiz\Quiz.csproj", "{B28E1A82-49C8-4250-8870-C25B56D65B25}"
EndProject
Project("{9A19103F-16F7-4668-BE54-9A1E7A4F7556}") = "OOP", "..\OOP\OOP.csproj", "{12FA52C7-4C37-4234-9C2A-BAA814176AD4}"
EndProject
Project("{9A19103F-16F7-4668-BE54-9A1E7A4F7556}") = "Enumy", "..\Enumy\Enumy.csproj", "{197CC859-7F6E-4B6A-90F9-E66F42BD247B}"
EndProject
Project("{9A19103F-16F7-4668-BE54-9A1E7A4F7556}") = "Interfaces", "..\Interfaces\Interfaces.csproj", "{63A401FC-4F60-4729-B1A1-AE6BD74B4DBC}"
EndProject
Project("{9A19103F-16F7-4668-BE54-9A1E7A4F7556}") = "GenericClass", "..\GenericClass\GenericClass.csproj", "{CFB04009-6C35-4F70-BF27-26F6037175C4}"
EndProject
Project("{9A19103F-16F7-4668-BE54-9A1E7A4F7556}") = "ValueObjects", "..\ValueObjects\ValueObjects.csproj", "{383E37B9-B652-4840-BB39-13C66F5E9B2A}"
EndProject
Project("{FAE04EC0-301F-11D3-BF4B-00C04F79EFBC}") = "LambdyDelegatyFunkcjeAnonimowe", "..\LambdyDelegatyFunkcjeAnonimowe\LambdyDelegatyFunkcjeAnonimowe.csproj", "{009502ED-815F-4CC1-A5E6-4B50E6292992}"
EndProject
Project("{FAE04EC0-301F-11D3-BF4B-00C04F79EFBC}") = "KlasyAnonimowe", "..\KlasyAbstrakcyjne\KlasyAnonimowe.csproj", "{9B91AC6B-BE06-44FE-BA15-124F0C7B8F00}"
EndProject
Global
	GlobalSection(SolutionConfigurationPlatforms) = preSolution
		Debug|Any CPU = Debug|Any CPU
		Release|Any CPU = Release|Any CPU
	EndGlobalSection
	GlobalSection(ProjectConfigurationPlatforms) = postSolution
		{540E1B93-5A19-4909-BEBB-43F54CD78016}.Debug|Any CPU.ActiveCfg = Debug|Any CPU
		{540E1B93-5A19-4909-BEBB-43F54CD78016}.Debug|Any CPU.Build.0 = Debug|Any CPU
		{540E1B93-5A19-4909-BEBB-43F54CD78016}.Release|Any CPU.ActiveCfg = Release|Any CPU
		{540E1B93-5A19-4909-BEBB-43F54CD78016}.Release|Any CPU.Build.0 = Release|Any CPU
		{B28E1A82-49C8-4250-8870-C25B56D65B25}.Debug|Any CPU.ActiveCfg = Debug|Any CPU
		{B28E1A82-49C8-4250-8870-C25B56D65B25}.Debug|Any CPU.Build.0 = Debug|Any CPU
		{B28E1A82-49C8-4250-8870-C25B56D65B25}.Release|Any CPU.ActiveCfg = Release|Any CPU
		{B28E1A82-49C8-4250-8870-C25B56D65B25}.Release|Any CPU.Build.0 = Release|Any CPU
		{12FA52C7-4C37-4234-9C2A-BAA814176AD4}.Debug|Any CPU.ActiveCfg = Debug|Any CPU
		{12FA52C7-4C37-4234-9C2A-BAA814176AD4}.Debug|Any CPU.Build.0 = Debug|Any CPU
		{12FA52C7-4C37-4234-9C2A-BAA814176AD4}.Release|Any CPU.ActiveCfg = Release|Any CPU
		{12FA52C7-4C37-4234-9C2A-BAA814176AD4}.Release|Any CPU.Build.0 = Release|Any CPU
		{197CC859-7F6E-4B6A-90F9-E66F42BD247B}.Debug|Any CPU.ActiveCfg = Debug|Any CPU
		{197CC859-7F6E-4B6A-90F9-E66F42BD247B}.Debug|Any CPU.Build.0 = Debug|Any CPU
		{197CC859-7F6E-4B6A-90F9-E66F42BD247B}.Release|Any CPU.ActiveCfg = Release|Any CPU
		{197CC859-7F6E-4B6A-90F9-E66F42BD247B}.Release|Any CPU.Build.0 = Release|Any CPU
		{63A401FC-4F60-4729-B1A1-AE6BD74B4DBC}.Debug|Any CPU.ActiveCfg = Debug|Any CPU
		{63A401FC-4F60-4729-B1A1-AE6BD74B4DBC}.Debug|Any CPU.Build.0 = Debug|Any CPU
		{63A401FC-4F60-4729-B1A1-AE6BD74B4DBC}.Release|Any CPU.ActiveCfg = Release|Any CPU
		{63A401FC-4F60-4729-B1A1-AE6BD74B4DBC}.Release|Any CPU.Build.0 = Release|Any CPU
		{CFB04009-6C35-4F70-BF27-26F6037175C4}.Debug|Any CPU.ActiveCfg = Debug|Any CPU
		{CFB04009-6C35-4F70-BF27-26F6037175C4}.Debug|Any CPU.Build.0 = Debug|Any CPU
		{CFB04009-6C35-4F70-BF27-26F6037175C4}.Release|Any CPU.ActiveCfg = Release|Any CPU
		{CFB04009-6C35-4F70-BF27-26F6037175C4}.Release|Any CPU.Build.0 = Release|Any CPU
		{383E37B9-B652-4840-BB39-13C66F5E9B2A}.Debug|Any CPU.ActiveCfg = Debug|Any CPU
		{383E37B9-B652-4840-BB39-13C66F5E9B2A}.Debug|Any CPU.Build.0 = Debug|Any CPU
		{383E37B9-B652-4840-BB39-13C66F5E9B2A}.Release|Any CPU.ActiveCfg = Release|Any CPU
		{383E37B9-B652-4840-BB39-13C66F5E9B2A}.Release|Any CPU.Build.0 = Release|Any CPU
		{009502ED-815F-4CC1-A5E6-4B50E6292992}.Debug|Any CPU.ActiveCfg = Debug|Any CPU
		{009502ED-815F-4CC1-A5E6-4B50E6292992}.Debug|Any CPU.Build.0 = Debug|Any CPU
		{009502ED-815F-4CC1-A5E6-4B50E6292992}.Release|Any CPU.ActiveCfg = Release|Any CPU
		{009502ED-815F-4CC1-A5E6-4B50E6292992}.Release|Any CPU.Build.0 = Release|Any CPU
		{9B91AC6B-BE06-44FE-BA15-124F0C7B8F00}.Debug|Any CPU.ActiveCfg = Debug|Any CPU
		{9B91AC6B-BE06-44FE-BA15-124F0C7B8F00}.Debug|Any CPU.Build.0 = Debug|Any CPU
		{9B91AC6B-BE06-44FE-BA15-124F0C7B8F00}.Release|Any CPU.ActiveCfg = Release|Any CPU
		{9B91AC6B-BE06-44FE-BA15-124F0C7B8F00}.Release|Any CPU.Build.0 = Release|Any CPU
	EndGlobalSection
	GlobalSection(SolutionProperties) = preSolution
		HideSolutionNode = FALSE
	EndGlobalSection
	GlobalSection(ExtensibilityGlobals) = postSolution
		SolutionGuid = {0D4E70EE-27A1-418B-AE64-8DAD095855F2}
	EndGlobalSection
EndGlobal
